// !$*UTF8*$!
{
	archiveVersion = 1;
	classes = {
	};
	objectVersion = 46;
	objects = {

/* Begin PBXBuildFile section */
		7F0F1D620BF41DDC0053F387 /* MoonPressed.png in Resources */ = {isa = PBXBuildFile; fileRef = 7F0F1D5E0BF41DDC0053F387 /* MoonPressed.png */; };
		7F0F1D630BF41DDC0053F387 /* Moon.png in Resources */ = {isa = PBXBuildFile; fileRef = 7F0F1D5F0BF41DDC0053F387 /* Moon.png */; };
		7F0F1D640BF41DDC0053F387 /* Sun.png in Resources */ = {isa = PBXBuildFile; fileRef = 7F0F1D600BF41DDC0053F387 /* Sun.png */; };
		7F0F1D650BF41DDC0053F387 /* SunPressed.png in Resources */ = {isa = PBXBuildFile; fileRef = 7F0F1D610BF41DDC0053F387 /* SunPressed.png */; };
		7F0FB4EC0BF7650A007329FE /* IOKit.framework in Frameworks */ = {isa = PBXBuildFile; fileRef = 7F0FB4EB0BF7650A007329FE /* IOKit.framework */; };
		7F4587840BF6492B003BA26C /* QSCIFilterWindow.m in Sources */ = {isa = PBXBuildFile; fileRef = 7F4587830BF6492B003BA26C /* QSCIFilterWindow.m */; };
		7F87C58F106EFFF000962DC4 /* Carbon.framework in Frameworks */ = {isa = PBXBuildFile; fileRef = 7F87C58E106EFFF000962DC4 /* Carbon.framework */; };
		7F87C6B7106F435F00962DC4 /* MainMenu.xib in Resources */ = {isa = PBXBuildFile; fileRef = 7F87C6B5106F435F00962DC4 /* MainMenu.xib */; };
		7FDB707A0BF95FE200E82B16 /* QSLMUMonitor.m in Sources */ = {isa = PBXBuildFile; fileRef = 7FDB70790BF95FE200E82B16 /* QSLMUMonitor.m */; };
		8D11072B0486CEB800E47090 /* InfoPlist.strings in Resources */ = {isa = PBXBuildFile; fileRef = 089C165CFE840E0CC02AAC07 /* InfoPlist.strings */; };
		8D11072D0486CEB800E47090 /* main.m in Sources */ = {isa = PBXBuildFile; fileRef = 29B97316FDCFA39411CA2CEA /* main.m */; settings = {ATTRIBUTES = (); }; };
		8D11072F0486CEB800E47090 /* Cocoa.framework in Frameworks */ = {isa = PBXBuildFile; fileRef = 1058C7A1FEA54F0111CA2CBB /* Cocoa.framework */; };
		ED9CDD0718A239D600369472 /* QSTranquilityController.m in Sources */ = {isa = PBXBuildFile; fileRef = ED9CDD0618A239D600369472 /* QSTranquilityController.m */; };
		ED9CDD0A18A239F000369472 /* Images.xcassets in Resources */ = {isa = PBXBuildFile; fileRef = ED9CDD0918A239F000369472 /* Images.xcassets */; };
		ED9CDD0D18A239FE00369472 /* TranquilityMenu.png in Resources */ = {isa = PBXBuildFile; fileRef = ED9CDD0B18A239FE00369472 /* TranquilityMenu.png */; };
		ED9CDD0E18A239FE00369472 /* TranquilityMenuPressed.png in Resources */ = {isa = PBXBuildFile; fileRef = ED9CDD0C18A239FE00369472 /* TranquilityMenuPressed.png */; };
		EDE22D1D18A363A1008889E7 /* Sparkle.framework in Frameworks */ = {isa = PBXBuildFile; fileRef = EDE22D1C18A363A1008889E7 /* Sparkle.framework */; };
		EDE22D1E18A363BF008889E7 /* Sparkle.framework in Resources */ = {isa = PBXBuildFile; fileRef = EDE22D1C18A363A1008889E7 /* Sparkle.framework */; };
/* End PBXBuildFile section */

/* Begin PBXFileReference section */
		089C165DFE840E0CC02AAC07 /* English */ = {isa = PBXFileReference; fileEncoding = 10; lastKnownFileType = text.plist.strings; name = English; path = English.lproj/InfoPlist.strings; sourceTree = "<group>"; };
		1058C7A1FEA54F0111CA2CBB /* Cocoa.framework */ = {isa = PBXFileReference; lastKnownFileType = wrapper.framework; name = Cocoa.framework; path = /System/Library/Frameworks/Cocoa.framework; sourceTree = "<absolute>"; };
		13E42FB307B3F0F600E4EEF1 /* CoreData.framework */ = {isa = PBXFileReference; lastKnownFileType = wrapper.framework; name = CoreData.framework; path = /System/Library/Frameworks/CoreData.framework; sourceTree = "<absolute>"; };
		29B97316FDCFA39411CA2CEA /* main.m */ = {isa = PBXFileReference; fileEncoding = 4; lastKnownFileType = sourcecode.c.objc; path = main.m; sourceTree = "<group>"; };
		29B97324FDCFA39411CA2CEA /* AppKit.framework */ = {isa = PBXFileReference; lastKnownFileType = wrapper.framework; name = AppKit.framework; path = /System/Library/Frameworks/AppKit.framework; sourceTree = "<absolute>"; };
		29B97325FDCFA39411CA2CEA /* Foundation.framework */ = {isa = PBXFileReference; lastKnownFileType = wrapper.framework; name = Foundation.framework; path = /System/Library/Frameworks/Foundation.framework; sourceTree = "<absolute>"; };
		7F0F1D5E0BF41DDC0053F387 /* MoonPressed.png */ = {isa = PBXFileReference; lastKnownFileType = image.png; path = MoonPressed.png; sourceTree = "<group>"; };
		7F0F1D5F0BF41DDC0053F387 /* Moon.png */ = {isa = PBXFileReference; lastKnownFileType = image.png; path = Moon.png; sourceTree = "<group>"; };
		7F0F1D600BF41DDC0053F387 /* Sun.png */ = {isa = PBXFileReference; lastKnownFileType = image.png; path = Sun.png; sourceTree = "<group>"; };
		7F0F1D610BF41DDC0053F387 /* SunPressed.png */ = {isa = PBXFileReference; lastKnownFileType = image.png; path = SunPressed.png; sourceTree = "<group>"; };
		7F0FB4EB0BF7650A007329FE /* IOKit.framework */ = {isa = PBXFileReference; lastKnownFileType = wrapper.framework; name = IOKit.framework; path = /System/Library/Frameworks/IOKit.framework; sourceTree = "<absolute>"; };
		7F4587820BF6492B003BA26C /* QSCIFilterWindow.h */ = {isa = PBXFileReference; fileEncoding = 30; lastKnownFileType = sourcecode.c.h; path = QSCIFilterWindow.h; sourceTree = "<group>"; };
		7F4587830BF6492B003BA26C /* QSCIFilterWindow.m */ = {isa = PBXFileReference; fileEncoding = 30; lastKnownFileType = sourcecode.c.objc; path = QSCIFilterWindow.m; sourceTree = "<group>"; };
		7F87C58E106EFFF000962DC4 /* Carbon.framework */ = {isa = PBXFileReference; lastKnownFileType = wrapper.framework; name = Carbon.framework; path = System/Library/Frameworks/Carbon.framework; sourceTree = SDKROOT; };
		7F87C6B6106F435F00962DC4 /* English */ = {isa = PBXFileReference; lastKnownFileType = file.xib; name = English; path = English.lproj/MainMenu.xib; sourceTree = "<group>"; };
		7FDB70780BF95FE200E82B16 /* QSLMUMonitor.h */ = {isa = PBXFileReference; fileEncoding = 4; lastKnownFileType = sourcecode.c.h; path = QSLMUMonitor.h; sourceTree = "<group>"; };
		7FDB70790BF95FE200E82B16 /* QSLMUMonitor.m */ = {isa = PBXFileReference; fileEncoding = 4; lastKnownFileType = sourcecode.c.objc; path = QSLMUMonitor.m; sourceTree = "<group>"; };
		8D1107310486CEB800E47090 /* Info.plist */ = {isa = PBXFileReference; fileEncoding = 4; lastKnownFileType = text.plist; path = Info.plist; sourceTree = "<group>"; };
		8D1107320486CEB800E47090 /* Tranquility.app */ = {isa = PBXFileReference; explicitFileType = wrapper.application; includeInIndex = 0; path = Tranquility.app; sourceTree = BUILT_PRODUCTS_DIR; };
		C5333A3512ECB6270000B377 /* CGSPrivate.h */ = {isa = PBXFileReference; fileEncoding = 4; lastKnownFileType = sourcecode.c.h; path = CGSPrivate.h; sourceTree = "<group>"; };
		ED9CDD0518A239D600369472 /* QSTranquilityController.h */ = {isa = PBXFileReference; fileEncoding = 4; lastKnownFileType = sourcecode.c.h; path = QSTranquilityController.h; sourceTree = "<group>"; };
		ED9CDD0618A239D600369472 /* QSTranquilityController.m */ = {isa = PBXFileReference; fileEncoding = 4; lastKnownFileType = sourcecode.c.objc; path = QSTranquilityController.m; sourceTree = "<group>"; };
		ED9CDD0818A239E700369472 /* Tranquility_Prefix.pch */ = {isa = PBXFileReference; fileEncoding = 4; lastKnownFileType = sourcecode.c.h; path = Tranquility_Prefix.pch; sourceTree = "<group>"; };
		ED9CDD0918A239F000369472 /* Images.xcassets */ = {isa = PBXFileReference; lastKnownFileType = folder.assetcatalog; name = Images.xcassets; path = Tranquility/Images.xcassets; sourceTree = "<group>"; };
		ED9CDD0B18A239FE00369472 /* TranquilityMenu.png */ = {isa = PBXFileReference; lastKnownFileType = image.png; path = TranquilityMenu.png; sourceTree = "<group>"; };
		ED9CDD0C18A239FE00369472 /* TranquilityMenuPressed.png */ = {isa = PBXFileReference; lastKnownFileType = image.png; path = TranquilityMenuPressed.png; sourceTree = "<group>"; };
		EDE22D1C18A363A1008889E7 /* Sparkle.framework */ = {isa = PBXFileReference; lastKnownFileType = wrapper.framework; path = Sparkle.framework; sourceTree = "<group>"; };
/* End PBXFileReference section */

/* Begin PBXFrameworksBuildPhase section */
		8D11072E0486CEB800E47090 /* Frameworks */ = {
			isa = PBXFrameworksBuildPhase;
			buildActionMask = 2147483647;
			files = (
				8D11072F0486CEB800E47090 /* Cocoa.framework in Frameworks */,
				7F0FB4EC0BF7650A007329FE /* IOKit.framework in Frameworks */,
				7F87C58F106EFFF000962DC4 /* Carbon.framework in Frameworks */,
				EDE22D1D18A363A1008889E7 /* Sparkle.framework in Frameworks */,
			);
			runOnlyForDeploymentPostprocessing = 0;
		};
/* End PBXFrameworksBuildPhase section */

/* Begin PBXGroup section */
		080E96DDFE201D6D7F000001 /* Classes */ = {
			isa = PBXGroup;
			children = (
				ED9CDD0518A239D600369472 /* QSTranquilityController.h */,
				ED9CDD0618A239D600369472 /* QSTranquilityController.m */,
				7F4587820BF6492B003BA26C /* QSCIFilterWindow.h */,
				7F4587830BF6492B003BA26C /* QSCIFilterWindow.m */,
				7FDB70780BF95FE200E82B16 /* QSLMUMonitor.h */,
				7FDB70790BF95FE200E82B16 /* QSLMUMonitor.m */,
			);
			name = Classes;
			sourceTree = "<group>";
		};
		1058C7A0FEA54F0111CA2CBB /* Linked Frameworks */ = {
			isa = PBXGroup;
			children = (
				EDE22D1C18A363A1008889E7 /* Sparkle.framework */,
				7F0FB4EB0BF7650A007329FE /* IOKit.framework */,
				1058C7A1FEA54F0111CA2CBB /* Cocoa.framework */,
			);
			name = "Linked Frameworks";
			sourceTree = "<group>";
		};
		1058C7A2FEA54F0111CA2CBB /* Other Frameworks */ = {
			isa = PBXGroup;
			children = (
				29B97324FDCFA39411CA2CEA /* AppKit.framework */,
				13E42FB307B3F0F600E4EEF1 /* CoreData.framework */,
				29B97325FDCFA39411CA2CEA /* Foundation.framework */,
			);
			name = "Other Frameworks";
			sourceTree = "<group>";
		};
		19C28FACFE9D520D11CA2CBB /* Products */ = {
			isa = PBXGroup;
			children = (
				8D1107320486CEB800E47090 /* Tranquility.app */,
			);
			name = Products;
			sourceTree = "<group>";
		};
		29B97314FDCFA39411CA2CEA /* Nocturne */ = {
			isa = PBXGroup;
			children = (
				C5333A3512ECB6270000B377 /* CGSPrivate.h */,
				080E96DDFE201D6D7F000001 /* Classes */,
				29B97315FDCFA39411CA2CEA /* Other Sources */,
				29B97317FDCFA39411CA2CEA /* Resources */,
				29B97323FDCFA39411CA2CEA /* Frameworks */,
				19C28FACFE9D520D11CA2CBB /* Products */,
				7F87C58E106EFFF000962DC4 /* Carbon.framework */,
			);
			name = Nocturne;
			sourceTree = "<group>";
		};
		29B97315FDCFA39411CA2CEA /* Other Sources */ = {
			isa = PBXGroup;
			children = (
				ED9CDD0818A239E700369472 /* Tranquility_Prefix.pch */,
				29B97316FDCFA39411CA2CEA /* main.m */,
			);
			name = "Other Sources";
			sourceTree = "<group>";
		};
		29B97317FDCFA39411CA2CEA /* Resources */ = {
			isa = PBXGroup;
			children = (
				ED9CDD0B18A239FE00369472 /* TranquilityMenu.png */,
				ED9CDD0C18A239FE00369472 /* TranquilityMenuPressed.png */,
				ED9CDD0918A239F000369472 /* Images.xcassets */,
				7F87C6B5106F435F00962DC4 /* MainMenu.xib */,
				7F0F1D5E0BF41DDC0053F387 /* MoonPressed.png */,
				7F0F1D5F0BF41DDC0053F387 /* Moon.png */,
				7F0F1D600BF41DDC0053F387 /* Sun.png */,
				7F0F1D610BF41DDC0053F387 /* SunPressed.png */,
				8D1107310486CEB800E47090 /* Info.plist */,
				089C165CFE840E0CC02AAC07 /* InfoPlist.strings */,
			);
			name = Resources;
			sourceTree = "<group>";
		};
		29B97323FDCFA39411CA2CEA /* Frameworks */ = {
			isa = PBXGroup;
			children = (
				1058C7A0FEA54F0111CA2CBB /* Linked Frameworks */,
				1058C7A2FEA54F0111CA2CBB /* Other Frameworks */,
			);
			name = Frameworks;
			sourceTree = "<group>";
		};
/* End PBXGroup section */

/* Begin PBXNativeTarget section */
		8D1107260486CEB800E47090 /* Tranquility */ = {
			isa = PBXNativeTarget;
			buildConfigurationList = C01FCF4A08A954540054247B /* Build configuration list for PBXNativeTarget "Tranquility" */;
			buildPhases = (
				8D1107290486CEB800E47090 /* Resources */,
				8D11072C0486CEB800E47090 /* Sources */,
				8D11072E0486CEB800E47090 /* Frameworks */,
			);
			buildRules = (
			);
			dependencies = (
			);
			name = Tranquility;
			productInstallPath = "$(HOME)/Applications";
			productName = Nocturne;
			productReference = 8D1107320486CEB800E47090 /* Tranquility.app */;
			productType = "com.apple.product-type.application";
		};
/* End PBXNativeTarget section */

/* Begin PBXProject section */
		29B97313FDCFA39411CA2CEA /* Project object */ = {
			isa = PBXProject;
			attributes = {
				LastUpgradeCheck = 0500;
			};
			buildConfigurationList = C01FCF4E08A954540054247B /* Build configuration list for PBXProject "Tranquility" */;
			compatibilityVersion = "Xcode 3.2";
			developmentRegion = English;
			hasScannedForEncodings = 1;
			knownRegions = (
				English,
				Japanese,
				French,
				German,
			);
			mainGroup = 29B97314FDCFA39411CA2CEA /* Nocturne */;
			projectDirPath = "";
			projectRoot = "";
			targets = (
				8D1107260486CEB800E47090 /* Tranquility */,
			);
		};
/* End PBXProject section */

/* Begin PBXResourcesBuildPhase section */
		8D1107290486CEB800E47090 /* Resources */ = {
			isa = PBXResourcesBuildPhase;
			buildActionMask = 2147483647;
			files = (
				EDE22D1E18A363BF008889E7 /* Sparkle.framework in Resources */,
				8D11072B0486CEB800E47090 /* InfoPlist.strings in Resources */,
				ED9CDD0E18A239FE00369472 /* TranquilityMenuPressed.png in Resources */,
				7F0F1D620BF41DDC0053F387 /* MoonPressed.png in Resources */,
				ED9CDD0A18A239F000369472 /* Images.xcassets in Resources */,
				7F0F1D630BF41DDC0053F387 /* Moon.png in Resources */,
				7F0F1D640BF41DDC0053F387 /* Sun.png in Resources */,
				7F0F1D650BF41DDC0053F387 /* SunPressed.png in Resources */,
				7F87C6B7106F435F00962DC4 /* MainMenu.xib in Resources */,
				ED9CDD0D18A239FE00369472 /* TranquilityMenu.png in Resources */,
			);
			runOnlyForDeploymentPostprocessing = 0;
		};
/* End PBXResourcesBuildPhase section */

/* Begin PBXSourcesBuildPhase section */
		8D11072C0486CEB800E47090 /* Sources */ = {
			isa = PBXSourcesBuildPhase;
			buildActionMask = 2147483647;
			files = (
				8D11072D0486CEB800E47090 /* main.m in Sources */,
				ED9CDD0718A239D600369472 /* QSTranquilityController.m in Sources */,
				7F4587840BF6492B003BA26C /* QSCIFilterWindow.m in Sources */,
				7FDB707A0BF95FE200E82B16 /* QSLMUMonitor.m in Sources */,
			);
			runOnlyForDeploymentPostprocessing = 0;
		};
/* End PBXSourcesBuildPhase section */

/* Begin PBXVariantGroup section */
		089C165CFE840E0CC02AAC07 /* InfoPlist.strings */ = {
			isa = PBXVariantGroup;
			children = (
				089C165DFE840E0CC02AAC07 /* English */,
			);
			name = InfoPlist.strings;
			sourceTree = "<group>";
		};
		7F87C6B5106F435F00962DC4 /* MainMenu.xib */ = {
			isa = PBXVariantGroup;
			children = (
				7F87C6B6106F435F00962DC4 /* English */,
			);
			name = MainMenu.xib;
			sourceTree = "<group>";
		};
/* End PBXVariantGroup section */

/* Begin XCBuildConfiguration section */
		C01FCF4B08A954540054247B /* Debug */ = {
			isa = XCBuildConfiguration;
			buildSettings = {
				ASSETCATALOG_COMPILER_APPICON_NAME = AppIcon;
				CODE_SIGN_IDENTITY = "Mac Developer: Lorenzo Swank (D69JGG394R)";
				COMBINE_HIDPI_IMAGES = YES;
				COPY_PHASE_STRIP = NO;
				FRAMEWORK_SEARCH_PATHS = (
					"$(inherited)",
					/Users/Lorenzo/Projects/Tranquility,
				);
				GCC_DYNAMIC_NO_PIC = NO;
				GCC_MODEL_TUNING = G5;
				GCC_OPTIMIZATION_LEVEL = 0;
				GCC_VERSION = com.apple.compilers.llvm.clang.1_0;
				INFOPLIST_FILE = Info.plist;
				INSTALL_PATH = "$(HOME)/Applications";
				MACOSX_DEPLOYMENT_TARGET = 10.9;
				PRODUCT_NAME = Tranquility;
				WRAPPER_EXTENSION = app;
				ZERO_LINK = YES;
			};
			name = Debug;
		};
		C01FCF4C08A954540054247B /* Release */ = {
			isa = XCBuildConfiguration;
			buildSettings = {
				ASSETCATALOG_COMPILER_APPICON_NAME = AppIcon;
				CODE_SIGN_IDENTITY = "Mac Developer: Lorenzo Swank (D69JGG394R)";
				COMBINE_HIDPI_IMAGES = YES;
				FRAMEWORK_SEARCH_PATHS = (
					"$(inherited)",
					/Users/Lorenzo/Projects/Tranquility,
				);
				GCC_GENERATE_DEBUGGING_SYMBOLS = NO;
				GCC_MODEL_TUNING = G5;
				GCC_VERSION = com.apple.compilers.llvm.clang.1_0;
				INFOPLIST_FILE = Info.plist;
				INSTALL_PATH = "$(HOME)/Applications";
				MACOSX_DEPLOYMENT_TARGET = 10.9;
				PRODUCT_NAME = Tranquility;
				WRAPPER_EXTENSION = app;
			};
			name = Release;
		};
		C01FCF4F08A954540054247B /* Debug */ = {
			isa = XCBuildConfiguration;
			buildSettings = {
				GCC_C_LANGUAGE_STANDARD = c99;
				GCC_ENABLE_OBJC_EXCEPTIONS = YES;
				GCC_WARN_ABOUT_RETURN_TYPE = YES;
				GCC_WARN_UNUSED_VARIABLE = YES;
				MACOSX_DEPLOYMENT_TARGET = 10.9;
				ONLY_ACTIVE_ARCH = YES;
				SDKROOT = macosx;
			};
			name = Debug;
		};
		C01FCF5008A954540054247B /* Release */ = {
			isa = XCBuildConfiguration;
			buildSettings = {
				GCC_C_LANGUAGE_STANDARD = c99;
				GCC_ENABLE_OBJC_EXCEPTIONS = YES;
				GCC_WARN_ABOUT_RETURN_TYPE = YES;
				GCC_WARN_UNUSED_VARIABLE = YES;
				MACOSX_DEPLOYMENT_TARGET = 10.9;
				SDKROOT = macosx;
			};
			name = Release;
		};
/* End XCBuildConfiguration section */

/* Begin XCConfigurationList section */
		C01FCF4A08A954540054247B /* Build configuration list for PBXNativeTarget "Tranquility" */ = {
			isa = XCConfigurationList;
			buildConfigurations = (
				C01FCF4B08A954540054247B /* Debug */,
				C01FCF4C08A954540054247B /* Release */,
			);
			defaultConfigurationIsVisible = 0;
			defaultConfigurationName = Release;
		};
		C01FCF4E08A954540054247B /* Build configuration list for PBXProject "Tranquility" */ = {
			isa = XCConfigurationList;
			buildConfigurations = (
				C01FCF4F08A954540054247B /* Debug */,
				C01FCF5008A954540054247B /* Release */,
			);
			defaultConfigurationIsVisible = 0;
			defaultConfigurationName = Release;
		};
/* End XCConfigurationList section */
	};
	rootObject = 29B97313FDCFA39411CA2CEA /* Project object */;
}
